// !$*UTF8*$!
{
	archiveVersion = 1;
	classes = {
	};
	objectVersion = 55;
	objects = {

/* Begin PBXBuildFile section */
		0A4CFF1E291530E7008536ED /* AppDelegate.m in Sources */ = {isa = PBXBuildFile; fileRef = 0A4CFF1D291530E7008536ED /* AppDelegate.m */; };
		0A4CFF21291530E7008536ED /* SceneDelegate.m in Sources */ = {isa = PBXBuildFile; fileRef = 0A4CFF20291530E7008536ED /* SceneDelegate.m */; };
		0A4CFF24291530E7008536ED /* ViewController.m in Sources */ = {isa = PBXBuildFile; fileRef = 0A4CFF23291530E7008536ED /* ViewController.m */; };
		0A4CFF27291530E7008536ED /* Main.storyboard in Resources */ = {isa = PBXBuildFile; fileRef = 0A4CFF25291530E7008536ED /* Main.storyboard */; };
		0A4CFF29291530E8008536ED /* Assets.xcassets in Resources */ = {isa = PBXBuildFile; fileRef = 0A4CFF28291530E8008536ED /* Assets.xcassets */; };
		0A4CFF2C291530E8008536ED /* LaunchScreen.storyboard in Resources */ = {isa = PBXBuildFile; fileRef = 0A4CFF2A291530E8008536ED /* LaunchScreen.storyboard */; };
		0A4CFF2F291530E8008536ED /* main.m in Sources */ = {isa = PBXBuildFile; fileRef = 0A4CFF2E291530E8008536ED /* main.m */; };
		8159C37647C843E13D4E96FA /* Pods_ShellEngineer.framework in Frameworks */ = {isa = PBXBuildFile; fileRef = 6267DE556767DC67D2D3C801 /* Pods_ShellEngineer.framework */; };
/* End PBXBuildFile section */

/* Begin PBXFileReference section */
		0A4CFF19291530E7008536ED /* ShellEngineer.app */ = {isa = PBXFileReference; explicitFileType = wrapper.application; includeInIndex = 0; path = ShellEngineer.app; sourceTree = BUILT_PRODUCTS_DIR; };
		0A4CFF1C291530E7008536ED /* AppDelegate.h */ = {isa = PBXFileReference; lastKnownFileType = sourcecode.c.h; path = AppDelegate.h; sourceTree = "<group>"; };
		0A4CFF1D291530E7008536ED /* AppDelegate.m */ = {isa = PBXFileReference; lastKnownFileType = sourcecode.c.objc; path = AppDelegate.m; sourceTree = "<group>"; };
		0A4CFF1F291530E7008536ED /* SceneDelegate.h */ = {isa = PBXFileReference; lastKnownFileType = sourcecode.c.h; path = SceneDelegate.h; sourceTree = "<group>"; };
		0A4CFF20291530E7008536ED /* SceneDelegate.m */ = {isa = PBXFileReference; lastKnownFileType = sourcecode.c.objc; path = SceneDelegate.m; sourceTree = "<group>"; };
		0A4CFF22291530E7008536ED /* ViewController.h */ = {isa = PBXFileReference; lastKnownFileType = sourcecode.c.h; path = ViewController.h; sourceTree = "<group>"; };
		0A4CFF23291530E7008536ED /* ViewController.m */ = {isa = PBXFileReference; lastKnownFileType = sourcecode.c.objc; path = ViewController.m; sourceTree = "<group>"; };
		0A4CFF26291530E7008536ED /* Base */ = {isa = PBXFileReference; lastKnownFileType = file.storyboard; name = Base; path = Base.lproj/Main.storyboard; sourceTree = "<group>"; };
		0A4CFF28291530E8008536ED /* Assets.xcassets */ = {isa = PBXFileReference; lastKnownFileType = folder.assetcatalog; path = Assets.xcassets; sourceTree = "<group>"; };
		0A4CFF2B291530E8008536ED /* Base */ = {isa = PBXFileReference; lastKnownFileType = file.storyboard; name = Base; path = Base.lproj/LaunchScreen.storyboard; sourceTree = "<group>"; };
		0A4CFF2D291530E8008536ED /* Info.plist */ = {isa = PBXFileReference; lastKnownFileType = text.plist.xml; path = Info.plist; sourceTree = "<group>"; };
		0A4CFF2E291530E8008536ED /* main.m */ = {isa = PBXFileReference; lastKnownFileType = sourcecode.c.objc; path = main.m; sourceTree = "<group>"; };
		1286446FB6BA088066731791 /* Pods-ShellEngineer.debug.xcconfig */ = {isa = PBXFileReference; includeInIndex = 1; lastKnownFileType = text.xcconfig; name = "Pods-ShellEngineer.debug.xcconfig"; path = "Target Support Files/Pods-ShellEngineer/Pods-ShellEngineer.debug.xcconfig"; sourceTree = "<group>"; };
		6267DE556767DC67D2D3C801 /* Pods_ShellEngineer.framework */ = {isa = PBXFileReference; explicitFileType = wrapper.framework; includeInIndex = 0; path = Pods_ShellEngineer.framework; sourceTree = BUILT_PRODUCTS_DIR; };
		9C4FE456EB3598F6FB75AA11 /* Pods-ShellEngineer.release.xcconfig */ = {isa = PBXFileReference; includeInIndex = 1; lastKnownFileType = text.xcconfig; name = "Pods-ShellEngineer.release.xcconfig"; path = "Target Support Files/Pods-ShellEngineer/Pods-ShellEngineer.release.xcconfig"; sourceTree = "<group>"; };
/* End PBXFileReference section */

/* Begin PBXFrameworksBuildPhase section */
		0A4CFF16291530E7008536ED /* Frameworks */ = {
			isa = PBXFrameworksBuildPhase;
			buildActionMask = 2147483647;
			files = (
				8159C37647C843E13D4E96FA /* Pods_ShellEngineer.framework in Frameworks */,
			);
			runOnlyForDeploymentPostprocessing = 0;
		};
/* End PBXFrameworksBuildPhase section */

/* Begin PBXGroup section */
		0A4CFF10291530E7008536ED = {
			isa = PBXGroup;
			children = (
				0A4CFF1B291530E7008536ED /* ShellEngineer */,
				0A4CFF1A291530E7008536ED /* Products */,
				0CAFC2DCCA568946DA8E7E82 /* Pods */,
				C4224A059A6A406B907EDF93 /* Frameworks */,
			);
			sourceTree = "<group>";
		};
		0A4CFF1A291530E7008536ED /* Products */ = {
			isa = PBXGroup;
			children = (
				0A4CFF19291530E7008536ED /* ShellEngineer.app */,
			);
			name = Products;
			sourceTree = "<group>";
		};
		0A4CFF1B291530E7008536ED /* ShellEngineer */ = {
			isa = PBXGroup;
			children = (
				0A4CFF1C291530E7008536ED /* AppDelegate.h */,
				0A4CFF1D291530E7008536ED /* AppDelegate.m */,
				0A4CFF1F291530E7008536ED /* SceneDelegate.h */,
				0A4CFF20291530E7008536ED /* SceneDelegate.m */,
				0A4CFF22291530E7008536ED /* ViewController.h */,
				0A4CFF23291530E7008536ED /* ViewController.m */,
				0A4CFF25291530E7008536ED /* Main.storyboard */,
				0A4CFF28291530E8008536ED /* Assets.xcassets */,
				0A4CFF2A291530E8008536ED /* LaunchScreen.storyboard */,
				0A4CFF2D291530E8008536ED /* Info.plist */,
				0A4CFF2E291530E8008536ED /* main.m */,
			);
			path = ShellEngineer;
			sourceTree = "<group>";
		};
		0CAFC2DCCA568946DA8E7E82 /* Pods */ = {
			isa = PBXGroup;
			children = (
				1286446FB6BA088066731791 /* Pods-ShellEngineer.debug.xcconfig */,
				9C4FE456EB3598F6FB75AA11 /* Pods-ShellEngineer.release.xcconfig */,
			);
			name = Pods;
			path = Pods;
			sourceTree = "<group>";
		};
		C4224A059A6A406B907EDF93 /* Frameworks */ = {
			isa = PBXGroup;
			children = (
				6267DE556767DC67D2D3C801 /* Pods_ShellEngineer.framework */,
			);
			name = Frameworks;
			sourceTree = "<group>";
		};
/* End PBXGroup section */

/* Begin PBXNativeTarget section */
		0A4CFF18291530E7008536ED /* ShellEngineer */ = {
			isa = PBXNativeTarget;
			buildConfigurationList = 0A4CFF32291530E8008536ED /* Build configuration list for PBXNativeTarget "ShellEngineer" */;
			buildPhases = (
				FC2FE9D912A891EBD245B4E5 /* [CP] Check Pods Manifest.lock */,
				0A4CFF15291530E7008536ED /* Sources */,
				0A4CFF16291530E7008536ED /* Frameworks */,
				0A4CFF17291530E7008536ED /* Resources */,
			);
			buildRules = (
			);
			dependencies = (
			);
			name = ShellEngineer;
			productName = ShellEngineering;
			productReference = 0A4CFF19291530E7008536ED /* ShellEngineer.app */;
			productType = "com.apple.product-type.application";
		};
/* End PBXNativeTarget section */

/* Begin PBXProject section */
		0A4CFF11291530E7008536ED /* Project object */ = {
			isa = PBXProject;
			attributes = {
				BuildIndependentTargetsInParallel = 1;
				LastUpgradeCheck = 1320;
				TargetAttributes = {
					0A4CFF18291530E7008536ED = {
						CreatedOnToolsVersion = 13.2.1;
					};
				};
			};
			buildConfigurationList = 0A4CFF14291530E7008536ED /* Build configuration list for PBXProject "ShellEngineer" */;
			compatibilityVersion = "Xcode 13.0";
			developmentRegion = en;
			hasScannedForEncodings = 0;
			knownRegions = (
				en,
				Base,
			);
			mainGroup = 0A4CFF10291530E7008536ED;
			productRefGroup = 0A4CFF1A291530E7008536ED /* Products */;
			projectDirPath = "";
			projectRoot = "";
			targets = (
				0A4CFF18291530E7008536ED /* ShellEngineer */,
			);
		};
/* End PBXProject section */

/* Begin PBXResourcesBuildPhase section */
		0A4CFF17291530E7008536ED /* Resources */ = {
			isa = PBXResourcesBuildPhase;
			buildActionMask = 2147483647;
			files = (
				0A4CFF2C291530E8008536ED /* LaunchScreen.storyboard in Resources */,
				0A4CFF29291530E8008536ED /* Assets.xcassets in Resources */,
				0A4CFF27291530E7008536ED /* Main.storyboard in Resources */,
			);
			runOnlyForDeploymentPostprocessing = 0;
		};
/* End PBXResourcesBuildPhase section */

/* Begin PBXShellScriptBuildPhase section */
		FC2FE9D912A891EBD245B4E5 /* [CP] Check Pods Manifest.lock */ = {
			isa = PBXShellScriptBuildPhase;
			buildActionMask = 2147483647;
			files = (
			);
			inputFileListPaths = (
			);
			inputPaths = (
				"${PODS_PODFILE_DIR_PATH}/Podfile.lock",
				"${PODS_ROOT}/Manifest.lock",
			);
			name = "[CP] Check Pods Manifest.lock";
			outputFileListPaths = (
			);
			outputPaths = (
				"$(DERIVED_FILE_DIR)/Pods-ShellEngineer-checkManifestLockResult.txt",
			);
			runOnlyForDeploymentPostprocessing = 0;
			shellPath = /bin/sh;
			shellScript = "diff \"${PODS_PODFILE_DIR_PATH}/Podfile.lock\" \"${PODS_ROOT}/Manifest.lock\" > /dev/null\nif [ $? != 0 ] ; then\n    # print error to STDERR\n    echo \"error: The sandbox is not in sync with the Podfile.lock. Run 'pod install' or update your CocoaPods installation.\" >&2\n    exit 1\nfi\n# This output is used by Xcode 'outputs' to avoid re-running this script phase.\necho \"SUCCESS\" > \"${SCRIPT_OUTPUT_FILE_0}\"\n";
			showEnvVarsInLog = 0;
		};
/* End PBXShellScriptBuildPhase section */

/* Begin PBXSourcesBuildPhase section */
		0A4CFF15291530E7008536ED /* Sources */ = {
			isa = PBXSourcesBuildPhase;
			buildActionMask = 2147483647;
			files = (
				0A4CFF24291530E7008536ED /* ViewController.m in Sources */,
				0A4CFF1E291530E7008536ED /* AppDelegate.m in Sources */,
				0A4CFF2F291530E8008536ED /* main.m in Sources */,
				0A4CFF21291530E7008536ED /* SceneDelegate.m in Sources */,
			);
			runOnlyForDeploymentPostprocessing = 0;
		};
/* End PBXSourcesBuildPhase section */

/* Begin PBXVariantGroup section */
		0A4CFF25291530E7008536ED /* Main.storyboard */ = {
			isa = PBXVariantGroup;
			children = (
				0A4CFF26291530E7008536ED /* Base */,
			);
			name = Main.storyboard;
			sourceTree = "<group>";
		};
		0A4CFF2A291530E8008536ED /* LaunchScreen.storyboard */ = {
			isa = PBXVariantGroup;
			children = (
				0A4CFF2B291530E8008536ED /* Base */,
			);
			name = LaunchScreen.storyboard;
			sourceTree = "<group>";
		};
/* End PBXVariantGroup section */

/* Begin XCBuildConfiguration section */
		0A4CFF30291530E8008536ED /* Debug */ = {
			isa = XCBuildConfiguration;
			buildSettings = {
				ALWAYS_SEARCH_USER_PATHS = NO;
				CLANG_ANALYZER_NONNULL = YES;
				CLANG_ANALYZER_NUMBER_OBJECT_CONVERSION = YES_AGGRESSIVE;
				CLANG_CXX_LANGUAGE_STANDARD = "gnu++17";
				CLANG_CXX_LIBRARY = "libc++";
				CLANG_ENABLE_MODULES = YES;
				CLANG_ENABLE_OBJC_ARC = YES;
				CLANG_ENABLE_OBJC_WEAK = YES;
				CLANG_WARN_BLOCK_CAPTURE_AUTORELEASING = YES;
				CLANG_WARN_BOOL_CONVERSION = YES;
				CLANG_WARN_COMMA = YES;
				CLANG_WARN_CONSTANT_CONVERSION = YES;
				CLANG_WARN_DEPRECATED_OBJC_IMPLEMENTATIONS = YES;
				CLANG_WARN_DIRECT_OBJC_ISA_USAGE = YES_ERROR;
				CLANG_WARN_DOCUMENTATION_COMMENTS = YES;
				CLANG_WARN_EMPTY_BODY = YES;
				CLANG_WARN_ENUM_CONVERSION = YES;
				CLANG_WARN_INFINITE_RECURSION = YES;
				CLANG_WARN_INT_CONVERSION = YES;
				CLANG_WARN_NON_LITERAL_NULL_CONVERSION = YES;
				CLANG_WARN_OBJC_IMPLICIT_RETAIN_SELF = YES;
				CLANG_WARN_OBJC_LITERAL_CONVERSION = YES;
				CLANG_WARN_OBJC_ROOT_CLASS = YES_ERROR;
				CLANG_WARN_QUOTED_INCLUDE_IN_FRAMEWORK_HEADER = YES;
				CLANG_WARN_RANGE_LOOP_ANALYSIS = YES;
				CLANG_WARN_STRICT_PROTOTYPES = YES;
				CLANG_WARN_SUSPICIOUS_MOVE = YES;
				CLANG_WARN_UNGUARDED_AVAILABILITY = YES_AGGRESSIVE;
				CLANG_WARN_UNREACHABLE_CODE = YES;
				CLANG_WARN__DUPLICATE_METHOD_MATCH = YES;
				COPY_PHASE_STRIP = NO;
				DEBUG_INFORMATION_FORMAT = dwarf;
				ENABLE_STRICT_OBJC_MSGSEND = YES;
				ENABLE_TESTABILITY = YES;
				GCC_C_LANGUAGE_STANDARD = gnu11;
				GCC_DYNAMIC_NO_PIC = NO;
				GCC_NO_COMMON_BLOCKS = YES;
				GCC_OPTIMIZATION_LEVEL = 0;
				GCC_PREPROCESSOR_DEFINITIONS = (
					"DEBUG=1",
					"$(inherited)",
				);
				GCC_WARN_64_TO_32_BIT_CONVERSION = YES;
				GCC_WARN_ABOUT_RETURN_TYPE = YES_ERROR;
				GCC_WARN_UNDECLARED_SELECTOR = YES;
				GCC_WARN_UNINITIALIZED_AUTOS = YES_AGGRESSIVE;
				GCC_WARN_UNUSED_FUNCTION = YES;
				GCC_WARN_UNUSED_VARIABLE = YES;
				IPHONEOS_DEPLOYMENT_TARGET = 15.2;
				MTL_ENABLE_DEBUG_INFO = INCLUDE_SOURCE;
				MTL_FAST_MATH = YES;
				ONLY_ACTIVE_ARCH = YES;
				SDKROOT = iphoneos;
			};
			name = Debug;
		};
		0A4CFF31291530E8008536ED /* Release */ = {
			isa = XCBuildConfiguration;
			buildSettings = {
				ALWAYS_SEARCH_USER_PATHS = NO;
				CLANG_ANALYZER_NONNULL = YES;
				CLANG_ANALYZER_NUMBER_OBJECT_CONVERSION = YES_AGGRESSIVE;
				CLANG_CXX_LANGUAGE_STANDARD = "gnu++17";
				CLANG_CXX_LIBRARY = "libc++";
				CLANG_ENABLE_MODULES = YES;
				CLANG_ENABLE_OBJC_ARC = YES;
				CLANG_ENABLE_OBJC_WEAK = YES;
				CLANG_WARN_BLOCK_CAPTURE_AUTORELEASING = YES;
				CLANG_WARN_BOOL_CONVERSION = YES;
				CLANG_WARN_COMMA = YES;
				CLANG_WARN_CONSTANT_CONVERSION = YES;
				CLANG_WARN_DEPRECATED_OBJC_IMPLEMENTATIONS = YES;
				CLANG_WARN_DIRECT_OBJC_ISA_USAGE = YES_ERROR;
				CLANG_WARN_DOCUMENTATION_COMMENTS = YES;
				CLANG_WARN_EMPTY_BODY = YES;
				CLANG_WARN_ENUM_CONVERSION = YES;
				CLANG_WARN_INFINITE_RECURSION = YES;
				CLANG_WARN_INT_CONVERSION = YES;
				CLANG_WARN_NON_LITERAL_NULL_CONVERSION = YES;
				CLANG_WARN_OBJC_IMPLICIT_RETAIN_SELF = YES;
				CLANG_WARN_OBJC_LITERAL_CONVERSION = YES;
				CLANG_WARN_OBJC_ROOT_CLASS = YES_ERROR;
				CLANG_WARN_QUOTED_INCLUDE_IN_FRAMEWORK_HEADER = YES;
				CLANG_WARN_RANGE_LOOP_ANALYSIS = YES;
				CLANG_WARN_STRICT_PROTOTYPES = YES;
				CLANG_WARN_SUSPICIOUS_MOVE = YES;
				CLANG_WARN_UNGUARDED_AVAILABILITY = YES_AGGRESSIVE;
				CLANG_WARN_UNREACHABLE_CODE = YES;
				CLANG_WARN__DUPLICATE_METHOD_MATCH = YES;
				COPY_PHASE_STRIP = NO;
				DEBUG_INFORMATION_FORMAT = "dwarf-with-dsym";
				ENABLE_NS_ASSERTIONS = NO;
				ENABLE_STRICT_OBJC_MSGSEND = YES;
				GCC_C_LANGUAGE_STANDARD = gnu11;
				GCC_NO_COMMON_BLOCKS = YES;
				GCC_WARN_64_TO_32_BIT_CONVERSION = YES;
				GCC_WARN_ABOUT_RETURN_TYPE = YES_ERROR;
				GCC_WARN_UNDECLARED_SELECTOR = YES;
				GCC_WARN_UNINITIALIZED_AUTOS = YES_AGGRESSIVE;
				GCC_WARN_UNUSED_FUNCTION = YES;
				GCC_WARN_UNUSED_VARIABLE = YES;
				IPHONEOS_DEPLOYMENT_TARGET = 15.2;
				MTL_ENABLE_DEBUG_INFO = NO;
				MTL_FAST_MATH = YES;
				SDKROOT = iphoneos;
				VALIDATE_PRODUCT = YES;
			};
			name = Release;
		};
		0A4CFF33291530E8008536ED /* Debug */ = {
			isa = XCBuildConfiguration;
			baseConfigurationReference = 1286446FB6BA088066731791 /* Pods-ShellEngineer.debug.xcconfig */;
			buildSettings = {
				ASSETCATALOG_COMPILER_APPICON_NAME = AppIcon;
				ASSETCATALOG_COMPILER_GLOBAL_ACCENT_COLOR_NAME = AccentColor;
				CODE_SIGN_STYLE = Automatic;
				CURRENT_PROJECT_VERSION = 1;
				GENERATE_INFOPLIST_FILE = YES;
				INFOPLIST_FILE = ShellEngineer/Info.plist;
				INFOPLIST_KEY_CFBundleDisplayName = ShellEngineer;
				INFOPLIST_KEY_UIApplicationSupportsIndirectInputEvents = YES;
				INFOPLIST_KEY_UILaunchStoryboardName = LaunchScreen;
				INFOPLIST_KEY_UIMainStoryboardFile = Main;
				INFOPLIST_KEY_UISupportedInterfaceOrientations_iPad = "UIInterfaceOrientationPortrait UIInterfaceOrientationPortraitUpsideDown UIInterfaceOrientationLandscapeLeft UIInterfaceOrientationLandscapeRight";
				INFOPLIST_KEY_UISupportedInterfaceOrientations_iPhone = "UIInterfaceOrientationPortrait UIInterfaceOrientationLandscapeLeft UIInterfaceOrientationLandscapeRight";
				LD_RUNPATH_SEARCH_PATHS = (
					"$(inherited)",
					"@executable_path/Frameworks",
				);
				MARKETING_VERSION = 1.0;
				PRODUCT_BUNDLE_IDENTIFIER = com.didi.shell.ShellEngineer;
				PRODUCT_NAME = "$(TARGET_NAME)";
				SWIFT_EMIT_LOC_STRINGS = YES;
				TARGETED_DEVICE_FAMILY = "1,2";
			};
			name = Debug;
		};
		0A4CFF34291530E8008536ED /* Release */ = {
			isa = XCBuildConfiguration;
			baseConfigurationReference = 9C4FE456EB3598F6FB75AA11 /* Pods-ShellEngineer.release.xcconfig */;
			buildSettings = {
				ASSETCATALOG_COMPILER_APPICON_NAME = AppIcon;
				ASSETCATALOG_COMPILER_GLOBAL_ACCENT_COLOR_NAME = AccentColor;
				CODE_SIGN_STYLE = Automatic;
				CURRENT_PROJECT_VERSION = 1;
				GENERATE_INFOPLIST_FILE = YES;
				INFOPLIST_FILE = ShellEngineer/Info.plist;
				INFOPLIST_KEY_CFBundleDisplayName = ShellEngineer;
				INFOPLIST_KEY_UIApplicationSupportsIndirectInputEvents = YES;
				INFOPLIST_KEY_UILaunchStoryboardName = LaunchScreen;
				INFOPLIST_KEY_UIMainStoryboardFile = Main;
				INFOPLIST_KEY_UISupportedInterfaceOrientations_iPad = "UIInterfaceOrientationPortrait UIInterfaceOrientationPortraitUpsideDown UIInterfaceOrientationLandscapeLeft UIInterfaceOrientationLandscapeRight";
				INFOPLIST_KEY_UISupportedInterfaceOrientations_iPhone = "UIInterfaceOrientationPortrait UIInterfaceOrientationLandscapeLeft UIInterfaceOrientationLandscapeRight";
				LD_RUNPATH_SEARCH_PATHS = (
					"$(inherited)",
					"@executable_path/Frameworks",
				);
				MARKETING_VERSION = 1.0;
				PRODUCT_BUNDLE_IDENTIFIER = com.didi.shell.ShellEngineer;
				PRODUCT_NAME = "$(TARGET_NAME)";
				SWIFT_EMIT_LOC_STRINGS = YES;
				TARGETED_DEVICE_FAMILY = "1,2";
			};
			name = Release;
		};
/* End XCBuildConfiguration section */

/* Begin XCConfigurationList section */
		0A4CFF14291530E7008536ED /* Build configuration list for PBXProject "ShellEngineer" */ = {
			isa = XCConfigurationList;
			buildConfigurations = (
				0A4CFF30291530E8008536ED /* Debug */,
				0A4CFF31291530E8008536ED /* Release */,
			);
			defaultConfigurationIsVisible = 0;
			defaultConfigurationName = Release;
		};
		0A4CFF32291530E8008536ED /* Build configuration list for PBXNativeTarget "ShellEngineer" */ = {
			isa = XCConfigurationList;
			buildConfigurations = (
				0A4CFF33291530E8008536ED /* Debug */,
				0A4CFF34291530E8008536ED /* Release */,
			);
			defaultConfigurationIsVisible = 0;
			defaultConfigurationName = Release;
		};
/* End XCConfigurationList section */
	};
	rootObject = 0A4CFF11291530E7008536ED /* Project object */;
}
